// !$*UTF8*$!
{
	archiveVersion = 1;
	classes = {
	};
	objectVersion = 50;
	objects = {

/* Begin PBXBuildFile section */
		454228C82545D0D2003CE223 /* flavoursApp.swift in Sources */ = {isa = PBXBuildFile; fileRef = 454228C72545D0D2003CE223 /* flavoursApp.swift */; };
		454228CA2545D0D2003CE223 /* ContentView.swift in Sources */ = {isa = PBXBuildFile; fileRef = 454228C92545D0D2003CE223 /* ContentView.swift */; };
		454228CC2545D0D3003CE223 /* Assets.xcassets in Resources */ = {isa = PBXBuildFile; fileRef = 454228CB2545D0D3003CE223 /* Assets.xcassets */; };
		454228CF2545D0D3003CE223 /* Preview Assets.xcassets in Resources */ = {isa = PBXBuildFile; fileRef = 454228CE2545D0D3003CE223 /* Preview Assets.xcassets */; };
		454228D82545D53C003CE223 /* Color+Ext.swift in Sources */ = {isa = PBXBuildFile; fileRef = 454228D72545D53C003CE223 /* Color+Ext.swift */; };
		454228DD2545D6A3003CE223 /* Colors.xcassets in Resources */ = {isa = PBXBuildFile; fileRef = 454228DC2545D6A3003CE223 /* Colors.xcassets */; };
		45F550E02549CAAF005A9F6A /* testtab.swift in Sources */ = {isa = PBXBuildFile; fileRef = 45F550DF2549CAAF005A9F6A /* testtab.swift */; };
/* End PBXBuildFile section */

/* Begin PBXFileReference section */
		454228C42545D0D2003CE223 /* flavours.app */ = {isa = PBXFileReference; explicitFileType = wrapper.application; includeInIndex = 0; path = flavours.app; sourceTree = BUILT_PRODUCTS_DIR; };
		454228C72545D0D2003CE223 /* flavoursApp.swift */ = {isa = PBXFileReference; lastKnownFileType = sourcecode.swift; path = flavoursApp.swift; sourceTree = "<group>"; };
		454228C92545D0D2003CE223 /* ContentView.swift */ = {isa = PBXFileReference; lastKnownFileType = sourcecode.swift; path = ContentView.swift; sourceTree = "<group>"; };
		454228CB2545D0D3003CE223 /* Assets.xcassets */ = {isa = PBXFileReference; lastKnownFileType = folder.assetcatalog; path = Assets.xcassets; sourceTree = "<group>"; };
		454228CE2545D0D3003CE223 /* Preview Assets.xcassets */ = {isa = PBXFileReference; lastKnownFileType = folder.assetcatalog; path = "Preview Assets.xcassets"; sourceTree = "<group>"; };
		454228D02545D0D3003CE223 /* Info.plist */ = {isa = PBXFileReference; lastKnownFileType = text.plist.xml; path = Info.plist; sourceTree = "<group>"; };
		454228D72545D53C003CE223 /* Color+Ext.swift */ = {isa = PBXFileReference; lastKnownFileType = sourcecode.swift; path = "Color+Ext.swift"; sourceTree = "<group>"; };
		454228DC2545D6A3003CE223 /* Colors.xcassets */ = {isa = PBXFileReference; lastKnownFileType = folder.assetcatalog; path = Colors.xcassets; sourceTree = "<group>"; };
		45F550DF2549CAAF005A9F6A /* testtab.swift */ = {isa = PBXFileReference; lastKnownFileType = sourcecode.swift; path = testtab.swift; sourceTree = "<group>"; };
/* End PBXFileReference section */

/* Begin PBXFrameworksBuildPhase section */
		454228C12545D0D2003CE223 /* Frameworks */ = {
			isa = PBXFrameworksBuildPhase;
			buildActionMask = 2147483647;
			files = (
			);
			runOnlyForDeploymentPostprocessing = 0;
		};
/* End PBXFrameworksBuildPhase section */

/* Begin PBXGroup section */
		454228BB2545D0D2003CE223 = {
			isa = PBXGroup;
			children = (
				454228C62545D0D2003CE223 /* flavours */,
				454228C52545D0D2003CE223 /* Products */,
			);
			sourceTree = "<group>";
		};
		454228C52545D0D2003CE223 /* Products */ = {
			isa = PBXGroup;
			children = (
				454228C42545D0D2003CE223 /* flavours.app */,
			);
			name = Products;
			sourceTree = "<group>";
		};
		454228C62545D0D2003CE223 /* flavours */ = {
			isa = PBXGroup;
			children = (
				454228C72545D0D2003CE223 /* flavoursApp.swift */,
				454228C92545D0D2003CE223 /* ContentView.swift */,
				45F550DF2549CAAF005A9F6A /* testtab.swift */,
				454228DA2545D557003CE223 /* Extensions */,
				454228CB2545D0D3003CE223 /* Assets.xcassets */,
				454228DC2545D6A3003CE223 /* Colors.xcassets */,
				454228D02545D0D3003CE223 /* Info.plist */,
				454228CD2545D0D3003CE223 /* Preview Content */,
			);
			path = flavours;
			sourceTree = "<group>";
		};
		454228CD2545D0D3003CE223 /* Preview Content */ = {
			isa = PBXGroup;
			children = (
				454228CE2545D0D3003CE223 /* Preview Assets.xcassets */,
			);
			path = "Preview Content";
			sourceTree = "<group>";
		};
		454228DA2545D557003CE223 /* Extensions */ = {
			isa = PBXGroup;
			children = (
				454228D72545D53C003CE223 /* Color+Ext.swift */,
			);
			path = Extensions;
			sourceTree = "<group>";
		};
/* End PBXGroup section */

/* Begin PBXNativeTarget section */
		454228C32545D0D2003CE223 /* flavours */ = {
			isa = PBXNativeTarget;
			buildConfigurationList = 454228D32545D0D3003CE223 /* Build configuration list for PBXNativeTarget "flavours" */;
			buildPhases = (
				454228C02545D0D2003CE223 /* Sources */,
				454228C12545D0D2003CE223 /* Frameworks */,
				454228C22545D0D2003CE223 /* Resources */,
			);
			buildRules = (
			);
			dependencies = (
			);
			name = flavours;
			productName = flavours;
			productReference = 454228C42545D0D2003CE223 /* flavours.app */;
			productType = "com.apple.product-type.application";
		};
/* End PBXNativeTarget section */

/* Begin PBXProject section */
		454228BC2545D0D2003CE223 /* Project object */ = {
			isa = PBXProject;
			attributes = {
				LastSwiftUpdateCheck = 1220;
				LastUpgradeCheck = 1220;
				TargetAttributes = {
					454228C32545D0D2003CE223 = {
						CreatedOnToolsVersion = 12.2;
					};
				};
			};
			buildConfigurationList = 454228BF2545D0D2003CE223 /* Build configuration list for PBXProject "flavours" */;
			compatibilityVersion = "Xcode 9.3";
			developmentRegion = en;
			hasScannedForEncodings = 0;
			knownRegions = (
				en,
				Base,
			);
			mainGroup = 454228BB2545D0D2003CE223;
			productRefGroup = 454228C52545D0D2003CE223 /* Products */;
			projectDirPath = "";
			projectRoot = "";
			targets = (
				454228C32545D0D2003CE223 /* flavours */,
			);
		};
/* End PBXProject section */

/* Begin PBXResourcesBuildPhase section */
		454228C22545D0D2003CE223 /* Resources */ = {
			isa = PBXResourcesBuildPhase;
			buildActionMask = 2147483647;
			files = (
				454228DD2545D6A3003CE223 /* Colors.xcassets in Resources */,
				454228CF2545D0D3003CE223 /* Preview Assets.xcassets in Resources */,
				454228CC2545D0D3003CE223 /* Assets.xcassets in Resources */,
			);
			runOnlyForDeploymentPostprocessing = 0;
		};
/* End PBXResourcesBuildPhase section */

/* Begin PBXSourcesBuildPhase section */
		454228C02545D0D2003CE223 /* Sources */ = {
			isa = PBXSourcesBuildPhase;
			buildActionMask = 2147483647;
			files = (
				454228CA2545D0D2003CE223 /* ContentView.swift in Sources */,
				454228C82545D0D2003CE223 /* flavoursApp.swift in Sources */,
				454228D82545D53C003CE223 /* Color+Ext.swift in Sources */,
				45F550E02549CAAF005A9F6A /* testtab.swift in Sources */,
			);
			runOnlyForDeploymentPostprocessing = 0;
		};
/* End PBXSourcesBuildPhase section */

/* Begin XCBuildConfiguration section */
		454228D12545D0D3003CE223 /* Debug */ = {
			isa = XCBuildConfiguration;
			buildSettings = {
				ALWAYS_SEARCH_USER_PATHS = NO;
				CLANG_ANALYZER_NONNULL = YES;
				CLANG_ANALYZER_NUMBER_OBJECT_CONVERSION = YES_AGGRESSIVE;
				CLANG_CXX_LANGUAGE_STANDARD = "gnu++14";
				CLANG_CXX_LIBRARY = "libc++";
				CLANG_ENABLE_MODULES = YES;
				CLANG_ENABLE_OBJC_ARC = YES;
				CLANG_ENABLE_OBJC_WEAK = YES;
				CLANG_WARN_BLOCK_CAPTURE_AUTORELEASING = YES;
				CLANG_WARN_BOOL_CONVERSION = YES;
				CLANG_WARN_COMMA = YES;
				CLANG_WARN_CONSTANT_CONVERSION = YES;
				CLANG_WARN_DEPRECATED_OBJC_IMPLEMENTATIONS = YES;
				CLANG_WARN_DIRECT_OBJC_ISA_USAGE = YES_ERROR;
				CLANG_WARN_DOCUMENTATION_COMMENTS = YES;
				CLANG_WARN_EMPTY_BODY = YES;
				CLANG_WARN_ENUM_CONVERSION = YES;
				CLANG_WARN_INFINITE_RECURSION = YES;
				CLANG_WARN_INT_CONVERSION = YES;
				CLANG_WARN_NON_LITERAL_NULL_CONVERSION = YES;
				CLANG_WARN_OBJC_IMPLICIT_RETAIN_SELF = YES;
				CLANG_WARN_OBJC_LITERAL_CONVERSION = YES;
				CLANG_WARN_OBJC_ROOT_CLASS = YES_ERROR;
				CLANG_WARN_QUOTED_INCLUDE_IN_FRAMEWORK_HEADER = YES;
				CLANG_WARN_RANGE_LOOP_ANALYSIS = YES;
				CLANG_WARN_STRICT_PROTOTYPES = YES;
				CLANG_WARN_SUSPICIOUS_MOVE = YES;
				CLANG_WARN_UNGUARDED_AVAILABILITY = YES_AGGRESSIVE;
				CLANG_WARN_UNREACHABLE_CODE = YES;
				CLANG_WARN__DUPLICATE_METHOD_MATCH = YES;
				COPY_PHASE_STRIP = NO;
				DEBUG_INFORMATION_FORMAT = dwarf;
				ENABLE_STRICT_OBJC_MSGSEND = YES;
				ENABLE_TESTABILITY = YES;
				GCC_C_LANGUAGE_STANDARD = gnu11;
				GCC_DYNAMIC_NO_PIC = NO;
				GCC_NO_COMMON_BLOCKS = YES;
				GCC_OPTIMIZATION_LEVEL = 0;
				GCC_PREPROCESSOR_DEFINITIONS = (
					"DEBUG=1",
					"$(inherited)",
				);
				GCC_WARN_64_TO_32_BIT_CONVERSION = YES;
				GCC_WARN_ABOUT_RETURN_TYPE = YES_ERROR;
				GCC_WARN_UNDECLARED_SELECTOR = YES;
				GCC_WARN_UNINITIALIZED_AUTOS = YES_AGGRESSIVE;
				GCC_WARN_UNUSED_FUNCTION = YES;
				GCC_WARN_UNUSED_VARIABLE = YES;
				IPHONEOS_DEPLOYMENT_TARGET = 14.2;
				MTL_ENABLE_DEBUG_INFO = INCLUDE_SOURCE;
				MTL_FAST_MATH = YES;
				ONLY_ACTIVE_ARCH = YES;
				SDKROOT = iphoneos;
				SWIFT_ACTIVE_COMPILATION_CONDITIONS = DEBUG;
				SWIFT_OPTIMIZATION_LEVEL = "-Onone";
			};
			name = Debug;
		};
		454228D22545D0D3003CE223 /* Release */ = {
			isa = XCBuildConfiguration;
			buildSettings = {
				ALWAYS_SEARCH_USER_PATHS = NO;
				CLANG_ANALYZER_NONNULL = YES;
				CLANG_ANALYZER_NUMBER_OBJECT_CONVERSION = YES_AGGRESSIVE;
				CLANG_CXX_LANGUAGE_STANDARD = "gnu++14";
				CLANG_CXX_LIBRARY = "libc++";
				CLANG_ENABLE_MODULES = YES;
				CLANG_ENABLE_OBJC_ARC = YES;
				CLANG_ENABLE_OBJC_WEAK = YES;
				CLANG_WARN_BLOCK_CAPTURE_AUTORELEASING = YES;
				CLANG_WARN_BOOL_CONVERSION = YES;
				CLANG_WARN_COMMA = YES;
				CLANG_WARN_CONSTANT_CONVERSION = YES;
				CLANG_WARN_DEPRECATED_OBJC_IMPLEMENTATIONS = YES;
				CLANG_WARN_DIRECT_OBJC_ISA_USAGE = YES_ERROR;
				CLANG_WARN_DOCUMENTATION_COMMENTS = YES;
				CLANG_WARN_EMPTY_BODY = YES;
				CLANG_WARN_ENUM_CONVERSION = YES;
				CLANG_WARN_INFINITE_RECURSION = YES;
				CLANG_WARN_INT_CONVERSION = YES;
				CLANG_WARN_NON_LITERAL_NULL_CONVERSION = YES;
				CLANG_WARN_OBJC_IMPLICIT_RETAIN_SELF = YES;
				CLANG_WARN_OBJC_LITERAL_CONVERSION = YES;
				CLANG_WARN_OBJC_ROOT_CLASS = YES_ERROR;
				CLANG_WARN_QUOTED_INCLUDE_IN_FRAMEWORK_HEADER = YES;
				CLANG_WARN_RANGE_LOOP_ANALYSIS = YES;
				CLANG_WARN_STRICT_PROTOTYPES = YES;
				CLANG_WARN_SUSPICIOUS_MOVE = YES;
				CLANG_WARN_UNGUARDED_AVAILABILITY = YES_AGGRESSIVE;
				CLANG_WARN_UNREACHABLE_CODE = YES;
				CLANG_WARN__DUPLICATE_METHOD_MATCH = YES;
				COPY_PHASE_STRIP = NO;
				DEBUG_INFORMATION_FORMAT = "dwarf-with-dsym";
				ENABLE_NS_ASSERTIONS = NO;
				ENABLE_STRICT_OBJC_MSGSEND = YES;
				GCC_C_LANGUAGE_STANDARD = gnu11;
				GCC_NO_COMMON_BLOCKS = YES;
				GCC_WARN_64_TO_32_BIT_CONVERSION = YES;
				GCC_WARN_ABOUT_RETURN_TYPE = YES_ERROR;
				GCC_WARN_UNDECLARED_SELECTOR = YES;
				GCC_WARN_UNINITIALIZED_AUTOS = YES_AGGRESSIVE;
				GCC_WARN_UNUSED_FUNCTION = YES;
				GCC_WARN_UNUSED_VARIABLE = YES;
				IPHONEOS_DEPLOYMENT_TARGET = 14.2;
				MTL_ENABLE_DEBUG_INFO = NO;
				MTL_FAST_MATH = YES;
				SDKROOT = iphoneos;
				SWIFT_COMPILATION_MODE = wholemodule;
				SWIFT_OPTIMIZATION_LEVEL = "-O";
				VALIDATE_PRODUCT = YES;
			};
			name = Release;
		};
		454228D42545D0D3003CE223 /* Debug */ = {
			isa = XCBuildConfiguration;
			buildSettings = {
				ASSETCATALOG_COMPILER_APPICON_NAME = AppIcon;
				ASSETCATALOG_COMPILER_GLOBAL_ACCENT_COLOR_NAME = AccentColor;
				CODE_SIGN_STYLE = Automatic;
				DEVELOPMENT_ASSET_PATHS = "\"flavours/Preview Content\"";
				DEVELOPMENT_TEAM = GGXD5E6AF8;
				ENABLE_PREVIEWS = YES;
				INFOPLIST_FILE = flavours/Info.plist;
				IPHONEOS_DEPLOYMENT_TARGET = 14.0;
				LD_RUNPATH_SEARCH_PATHS = (
					"$(inherited)",
					"@executable_path/Frameworks",
				);
				PRODUCT_BUNDLE_IDENTIFIER = com.laurentb.flavours;
				PRODUCT_NAME = "$(TARGET_NAME)";
				SWIFT_VERSION = 5.0;
				TARGETED_DEVICE_FAMILY = "1,2";
			};
			name = Debug;
		};
		454228D52545D0D3003CE223 /* Release */ = {
			isa = XCBuildConfiguration;
			buildSettings = {
				ASSETCATALOG_COMPILER_APPICON_NAME = AppIcon;
				ASSETCATALOG_COMPILER_GLOBAL_ACCENT_COLOR_NAME = AccentColor;
				CODE_SIGN_STYLE = Automatic;
				DEVELOPMENT_ASSET_PATHS = "\"flavours/Preview Content\"";
				DEVELOPMENT_TEAM = GGXD5E6AF8;
				ENABLE_PREVIEWS = YES;
				INFOPLIST_FILE = flavours/Info.plist;
				IPHONEOS_DEPLOYMENT_TARGET = 14.0;
				LD_RUNPATH_SEARCH_PATHS = (
					"$(inherited)",
					"@executable_path/Frameworks",
				);
				PRODUCT_BUNDLE_IDENTIFIER = com.laurentb.flavours;
				PRODUCT_NAME = "$(TARGET_NAME)";
				SWIFT_VERSION = 5.0;
				TARGETED_DEVICE_FAMILY = "1,2";
			};
			name = Release;
		};
/* End XCBuildConfiguration section */

/* Begin XCConfigurationList section */
		454228BF2545D0D2003CE223 /* Build configuration list for PBXProject "flavours" */ = {
			isa = XCConfigurationList;
			buildConfigurations = (
				454228D12545D0D3003CE223 /* Debug */,
				454228D22545D0D3003CE223 /* Release */,
			);
			defaultConfigurationIsVisible = 0;
			defaultConfigurationName = Release;
		};
		454228D32545D0D3003CE223 /* Build configuration list for PBXNativeTarget "flavours" */ = {
			isa = XCConfigurationList;
			buildConfigurations = (
				454228D42545D0D3003CE223 /* Debug */,
				454228D52545D0D3003CE223 /* Release */,
			);
			defaultConfigurationIsVisible = 0;
			defaultConfigurationName = Release;
		};
/* End XCConfigurationList section */
	};
	rootObject = 454228BC2545D0D2003CE223 /* Project object */;
}
